
Microsoft Visual Studio Solution File, Format Version 12.00
# Visual Studio Version 16
VisualStudioVersion = 16.0.29230.47
MinimumVisualStudioVersion = 10.0.40219.1
Project("{9A19103F-16F7-4668-BE54-9A1E7A4F7556}") = "Monitor", "src\Monitor\Monitor.csproj", "{6186C854-8B2C-4102-8D7A-4B74A61CC91F}"
EndProject
Project("{9A19103F-16F7-4668-BE54-9A1E7A4F7556}") = "MonitorLib", "src\MonitorLib\MonitorLib.csproj", "{07E5BCD5-8D1D-41E3-A0FD-A35DED8A0A63}"
EndProject
Project("{2150E333-8FDC-42A3-9474-1A3956D46DE8}") = "src", "src", "{331D2650-1B20-42E2-A32D-675B5AB5481C}"
EndProject
Project("{FAE04EC0-301F-11D3-BF4B-00C04F79EFBC}") = "Monitor.IntegrationTests", "src\Monitor.IntegrationTests\Monitor.IntegrationTests.csproj", "{BBF1FF74-3A69-4DD6-9CFA-65B065CDF972}"
EndProject
Project("{FAE04EC0-301F-11D3-BF4B-00C04F79EFBC}") = "MonitorLib.Tests", "src\MonitorLib.Tests\MonitorLib.Tests.csproj", "{6B948CE8-3213-4F9F-B17C-0654AF424A41}"
EndProject
Project("{FAE04EC0-301F-11D3-BF4B-00C04F79EFBC}") = "Monitor.Tests", "src\Monitor.Tests\Monitor.Tests.csproj", "{8840E1A8-BF20-4651-B361-09C4E7E3FA60}"
EndProject
Global
	GlobalSection(SolutionConfigurationPlatforms) = preSolution
		Debug|Any CPU = Debug|Any CPU
		Release|Any CPU = Release|Any CPU
	EndGlobalSection
	GlobalSection(ProjectConfigurationPlatforms) = postSolution
		{6186C854-8B2C-4102-8D7A-4B74A61CC91F}.Debug|Any CPU.ActiveCfg = Debug|Any CPU
		{6186C854-8B2C-4102-8D7A-4B74A61CC91F}.Debug|Any CPU.Build.0 = Debug|Any CPU
		{6186C854-8B2C-4102-8D7A-4B74A61CC91F}.Release|Any CPU.ActiveCfg = Release|Any CPU
		{6186C854-8B2C-4102-8D7A-4B74A61CC91F}.Release|Any CPU.Build.0 = Release|Any CPU
		{07E5BCD5-8D1D-41E3-A0FD-A35DED8A0A63}.Debug|Any CPU.ActiveCfg = Debug|Any CPU
		{07E5BCD5-8D1D-41E3-A0FD-A35DED8A0A63}.Debug|Any CPU.Build.0 = Debug|Any CPU
		{07E5BCD5-8D1D-41E3-A0FD-A35DED8A0A63}.Release|Any CPU.ActiveCfg = Release|Any CPU
		{07E5BCD5-8D1D-41E3-A0FD-A35DED8A0A63}.Release|Any CPU.Build.0 = Release|Any CPU
		{BBF1FF74-3A69-4DD6-9CFA-65B065CDF972}.Debug|Any CPU.ActiveCfg = Debug|Any CPU
		{BBF1FF74-3A69-4DD6-9CFA-65B065CDF972}.Debug|Any CPU.Build.0 = Debug|Any CPU
		{BBF1FF74-3A69-4DD6-9CFA-65B065CDF972}.Release|Any CPU.ActiveCfg = Release|Any CPU
		{BBF1FF74-3A69-4DD6-9CFA-65B065CDF972}.Release|Any CPU.Build.0 = Release|Any CPU
		{6B948CE8-3213-4F9F-B17C-0654AF424A41}.Debug|Any CPU.ActiveCfg = Debug|Any CPU
		{6B948CE8-3213-4F9F-B17C-0654AF424A41}.Debug|Any CPU.Build.0 = Debug|Any CPU
		{6B948CE8-3213-4F9F-B17C-0654AF424A41}.Release|Any CPU.ActiveCfg = Release|Any CPU
		{6B948CE8-3213-4F9F-B17C-0654AF424A41}.Release|Any CPU.Build.0 = Release|Any CPU
		{8840E1A8-BF20-4651-B361-09C4E7E3FA60}.Debug|Any CPU.ActiveCfg = Debug|Any CPU
		{8840E1A8-BF20-4651-B361-09C4E7E3FA60}.Debug|Any CPU.Build.0 = Debug|Any CPU
		{8840E1A8-BF20-4651-B361-09C4E7E3FA60}.Release|Any CPU.ActiveCfg = Release|Any CPU
		{8840E1A8-BF20-4651-B361-09C4E7E3FA60}.Release|Any CPU.Build.0 = Release|Any CPU
	EndGlobalSection
	GlobalSection(SolutionProperties) = preSolution
		HideSolutionNode = FALSE
	EndGlobalSection
	GlobalSection(ExtensibilityGlobals) = postSolution
		SolutionGuid = {B99E6BB8-642A-4A68-86DF-69567CBA700A}
	EndGlobalSection
	GlobalSection(NestedProjects) = preSolution
		{BBF1FF74-3A69-4DD6-9CFA-65B065CDF972} = {331D2650-1B20-42E2-A32D-675B5AB5481C}
		{6B948CE8-3213-4F9F-B17C-0654AF424A41} = {331D2650-1B20-42E2-A32D-675B5AB5481C}
		{8840E1A8-BF20-4651-B361-09C4E7E3FA60} = {331D2650-1B20-42E2-A32D-675B5AB5481C}
	EndGlobalSection
EndGlobal
